
Microsoft Visual Studio Solution File, Format Version 12.00
# Visual Studio Version 17
VisualStudioVersion = 17.2.32616.157
MinimumVisualStudioVersion = 10.0.40219.1
Project("{9A19103F-16F7-4668-BE54-9A1E7A4F7556}") = "HelloMvcApp", "HelloMvcApp\HelloMvcApp.csproj", "{F48A03D3-9C39-437E-9D87-877601AEB244}"
EndProject
Project("{FAE04EC0-301F-11D3-BF4B-00C04F79EFBC}") = "Beltek.EFApp", "Beltek.EFApp\Beltek.EFApp.csproj", "{492E6A99-ED25-47B8-AD23-DC065F348AE7}"
EndProject
Global
	GlobalSection(SolutionConfigurationPlatforms) = preSolution
		Debug|Any CPU = Debug|Any CPU
		Release|Any CPU = Release|Any CPU
	EndGlobalSection
	GlobalSection(ProjectConfigurationPlatforms) = postSolution
		{F48A03D3-9C39-437E-9D87-877601AEB244}.Debug|Any CPU.ActiveCfg = Debug|Any CPU
		{F48A03D3-9C39-437E-9D87-877601AEB244}.Debug|Any CPU.Build.0 = Debug|Any CPU
		{F48A03D3-9C39-437E-9D87-877601AEB244}.Release|Any CPU.ActiveCfg = Release|Any CPU
		{F48A03D3-9C39-437E-9D87-877601AEB244}.Release|Any CPU.Build.0 = Release|Any CPU
		{492E6A99-ED25-47B8-AD23-DC065F348AE7}.Debug|Any CPU.ActiveCfg = Debug|Any CPU
		{492E6A99-ED25-47B8-AD23-DC065F348AE7}.Debug|Any CPU.Build.0 = Debug|Any CPU
		{492E6A99-ED25-47B8-AD23-DC065F348AE7}.Release|Any CPU.ActiveCfg = Release|Any CPU
		{492E6A99-ED25-47B8-AD23-DC065F348AE7}.Release|Any CPU.Build.0 = Release|Any CPU
	EndGlobalSection
	GlobalSection(SolutionProperties) = preSolution
		HideSolutionNode = FALSE
	EndGlobalSection
	GlobalSection(ExtensibilityGlobals) = postSolution
		SolutionGuid = {8AC924B5-68BE-4702-B347-B17BE9F599FF}
	EndGlobalSection
EndGlobal
